// !$*UTF8*$!
{
	archiveVersion = 1;
	classes = {
	};
	objectVersion = 50;
	objects = {

/* Begin PBXBuildFile section */
		75866CDB2200EE58001B5B90 /* AppDelegate.swift in Sources */ = {isa = PBXBuildFile; fileRef = 75866CDA2200EE58001B5B90 /* AppDelegate.swift */; };
		75866CE02200EE58001B5B90 /* Main.storyboard in Resources */ = {isa = PBXBuildFile; fileRef = 75866CDE2200EE58001B5B90 /* Main.storyboard */; };
		75866CE22200EE5A001B5B90 /* Assets.xcassets in Resources */ = {isa = PBXBuildFile; fileRef = 75866CE12200EE5A001B5B90 /* Assets.xcassets */; };
		75866CE52200EE5A001B5B90 /* LaunchScreen.storyboard in Resources */ = {isa = PBXBuildFile; fileRef = 75866CE32200EE5A001B5B90 /* LaunchScreen.storyboard */; };
		75866CF02200EE5B001B5B90 /* WorldTrotterTests.swift in Sources */ = {isa = PBXBuildFile; fileRef = 75866CEF2200EE5B001B5B90 /* WorldTrotterTests.swift */; };
		75866CFB2200EE5B001B5B90 /* WorldTrotterUITests.swift in Sources */ = {isa = PBXBuildFile; fileRef = 75866CFA2200EE5B001B5B90 /* WorldTrotterUITests.swift */; };
		796F5A08221340860077E81D /* ViewController.swift in Sources */ = {isa = PBXBuildFile; fileRef = 796F5A07221340860077E81D /* ViewController.swift */; };
		799BFAF2221383F7002A8C89 /* ConversionViewController.swift in Sources */ = {isa = PBXBuildFile; fileRef = 799BFAF1221383F7002A8C89 /* ConversionViewController.swift */; };
		79AF6B7C22135946004A1657 /* MapViewController.swift in Sources */ = {isa = PBXBuildFile; fileRef = 79AF6B7B22135946004A1657 /* MapViewController.swift */; };
/* End PBXBuildFile section */

/* Begin PBXContainerItemProxy section */
		75866CEC2200EE5B001B5B90 /* PBXContainerItemProxy */ = {
			isa = PBXContainerItemProxy;
			containerPortal = 75866CCF2200EE58001B5B90 /* Project object */;
			proxyType = 1;
			remoteGlobalIDString = 75866CD62200EE58001B5B90;
			remoteInfo = WorldTrotter;
		};
		75866CF72200EE5B001B5B90 /* PBXContainerItemProxy */ = {
			isa = PBXContainerItemProxy;
			containerPortal = 75866CCF2200EE58001B5B90 /* Project object */;
			proxyType = 1;
			remoteGlobalIDString = 75866CD62200EE58001B5B90;
			remoteInfo = WorldTrotter;
		};
/* End PBXContainerItemProxy section */

/* Begin PBXFileReference section */
		75866CD72200EE58001B5B90 /* WorldTrotter.app */ = {isa = PBXFileReference; explicitFileType = wrapper.application; includeInIndex = 0; path = WorldTrotter.app; sourceTree = BUILT_PRODUCTS_DIR; };
		75866CDA2200EE58001B5B90 /* AppDelegate.swift */ = {isa = PBXFileReference; lastKnownFileType = sourcecode.swift; path = AppDelegate.swift; sourceTree = "<group>"; };
		75866CDF2200EE58001B5B90 /* Base */ = {isa = PBXFileReference; lastKnownFileType = file.storyboard; name = Base; path = Base.lproj/Main.storyboard; sourceTree = "<group>"; };
		75866CE12200EE5A001B5B90 /* Assets.xcassets */ = {isa = PBXFileReference; lastKnownFileType = folder.assetcatalog; path = Assets.xcassets; sourceTree = "<group>"; };
		75866CE42200EE5A001B5B90 /* Base */ = {isa = PBXFileReference; lastKnownFileType = file.storyboard; name = Base; path = Base.lproj/LaunchScreen.storyboard; sourceTree = "<group>"; };
		75866CE62200EE5A001B5B90 /* Info.plist */ = {isa = PBXFileReference; lastKnownFileType = text.plist.xml; path = Info.plist; sourceTree = "<group>"; };
		75866CEB2200EE5B001B5B90 /* WorldTrotterTests.xctest */ = {isa = PBXFileReference; explicitFileType = wrapper.cfbundle; includeInIndex = 0; path = WorldTrotterTests.xctest; sourceTree = BUILT_PRODUCTS_DIR; };
		75866CEF2200EE5B001B5B90 /* WorldTrotterTests.swift */ = {isa = PBXFileReference; lastKnownFileType = sourcecode.swift; path = WorldTrotterTests.swift; sourceTree = "<group>"; };
		75866CF12200EE5B001B5B90 /* Info.plist */ = {isa = PBXFileReference; lastKnownFileType = text.plist.xml; path = Info.plist; sourceTree = "<group>"; };
		75866CF62200EE5B001B5B90 /* WorldTrotterUITests.xctest */ = {isa = PBXFileReference; explicitFileType = wrapper.cfbundle; includeInIndex = 0; path = WorldTrotterUITests.xctest; sourceTree = BUILT_PRODUCTS_DIR; };
		75866CFA2200EE5B001B5B90 /* WorldTrotterUITests.swift */ = {isa = PBXFileReference; lastKnownFileType = sourcecode.swift; path = WorldTrotterUITests.swift; sourceTree = "<group>"; };
		75866CFC2200EE5B001B5B90 /* Info.plist */ = {isa = PBXFileReference; lastKnownFileType = text.plist.xml; path = Info.plist; sourceTree = "<group>"; };
		796F5A07221340860077E81D /* ViewController.swift */ = {isa = PBXFileReference; fileEncoding = 4; lastKnownFileType = sourcecode.swift; path = ViewController.swift; sourceTree = "<group>"; };
		799BFAF1221383F7002A8C89 /* ConversionViewController.swift */ = {isa = PBXFileReference; fileEncoding = 4; lastKnownFileType = sourcecode.swift; path = ConversionViewController.swift; sourceTree = "<group>"; };
		79AF6B7B22135946004A1657 /* MapViewController.swift */ = {isa = PBXFileReference; lastKnownFileType = sourcecode.swift; path = MapViewController.swift; sourceTree = "<group>"; };
/* End PBXFileReference section */

/* Begin PBXFrameworksBuildPhase section */
		75866CD42200EE58001B5B90 /* Frameworks */ = {
			isa = PBXFrameworksBuildPhase;
			buildActionMask = 2147483647;
			files = (
			);
			runOnlyForDeploymentPostprocessing = 0;
		};
		75866CE82200EE5B001B5B90 /* Frameworks */ = {
			isa = PBXFrameworksBuildPhase;
			buildActionMask = 2147483647;
			files = (
			);
			runOnlyForDeploymentPostprocessing = 0;
		};
		75866CF32200EE5B001B5B90 /* Frameworks */ = {
			isa = PBXFrameworksBuildPhase;
			buildActionMask = 2147483647;
			files = (
			);
			runOnlyForDeploymentPostprocessing = 0;
		};
/* End PBXFrameworksBuildPhase section */

/* Begin PBXGroup section */
		75866CCE2200EE58001B5B90 = {
			isa = PBXGroup;
			children = (
				799BFAF1221383F7002A8C89 /* ConversionViewController.swift */,
				75866CD92200EE58001B5B90 /* WorldTrotter */,
				75866CEE2200EE5B001B5B90 /* WorldTrotterTests */,
				75866CF92200EE5B001B5B90 /* WorldTrotterUITests */,
				75866CD82200EE58001B5B90 /* Products */,
			);
			sourceTree = "<group>";
		};
		75866CD82200EE58001B5B90 /* Products */ = {
			isa = PBXGroup;
			children = (
				75866CD72200EE58001B5B90 /* WorldTrotter.app */,
				75866CEB2200EE5B001B5B90 /* WorldTrotterTests.xctest */,
				75866CF62200EE5B001B5B90 /* WorldTrotterUITests.xctest */,
			);
			name = Products;
			sourceTree = "<group>";
		};
		75866CD92200EE58001B5B90 /* WorldTrotter */ = {
			isa = PBXGroup;
			children = (
				75866CDA2200EE58001B5B90 /* AppDelegate.swift */,
				75866CDE2200EE58001B5B90 /* Main.storyboard */,
				796F5A07221340860077E81D /* ViewController.swift */,
				79AF6B7B22135946004A1657 /* MapViewController.swift */,
				75866CE12200EE5A001B5B90 /* Assets.xcassets */,
				75866CE32200EE5A001B5B90 /* LaunchScreen.storyboard */,
				75866CE62200EE5A001B5B90 /* Info.plist */,
			);
			path = WorldTrotter;
			sourceTree = "<group>";
		};
		75866CEE2200EE5B001B5B90 /* WorldTrotterTests */ = {
			isa = PBXGroup;
			children = (
				75866CEF2200EE5B001B5B90 /* WorldTrotterTests.swift */,
				75866CF12200EE5B001B5B90 /* Info.plist */,
			);
			path = WorldTrotterTests;
			sourceTree = "<group>";
		};
		75866CF92200EE5B001B5B90 /* WorldTrotterUITests */ = {
			isa = PBXGroup;
			children = (
				75866CFA2200EE5B001B5B90 /* WorldTrotterUITests.swift */,
				75866CFC2200EE5B001B5B90 /* Info.plist */,
			);
			path = WorldTrotterUITests;
			sourceTree = "<group>";
		};
/* End PBXGroup section */

/* Begin PBXNativeTarget section */
		75866CD62200EE58001B5B90 /* WorldTrotter */ = {
			isa = PBXNativeTarget;
			buildConfigurationList = 75866CFF2200EE5B001B5B90 /* Build configuration list for PBXNativeTarget "WorldTrotter" */;
			buildPhases = (
				75866CD32200EE58001B5B90 /* Sources */,
				75866CD42200EE58001B5B90 /* Frameworks */,
				75866CD52200EE58001B5B90 /* Resources */,
			);
			buildRules = (
			);
			dependencies = (
			);
			name = WorldTrotter;
			productName = WorldTrotter;
			productReference = 75866CD72200EE58001B5B90 /* WorldTrotter.app */;
			productType = "com.apple.product-type.application";
		};
		75866CEA2200EE5B001B5B90 /* WorldTrotterTests */ = {
			isa = PBXNativeTarget;
			buildConfigurationList = 75866D022200EE5B001B5B90 /* Build configuration list for PBXNativeTarget "WorldTrotterTests" */;
			buildPhases = (
				75866CE72200EE5B001B5B90 /* Sources */,
				75866CE82200EE5B001B5B90 /* Frameworks */,
				75866CE92200EE5B001B5B90 /* Resources */,
			);
			buildRules = (
			);
			dependencies = (
				75866CED2200EE5B001B5B90 /* PBXTargetDependency */,
			);
			name = WorldTrotterTests;
			productName = WorldTrotterTests;
			productReference = 75866CEB2200EE5B001B5B90 /* WorldTrotterTests.xctest */;
			productType = "com.apple.product-type.bundle.unit-test";
		};
		75866CF52200EE5B001B5B90 /* WorldTrotterUITests */ = {
			isa = PBXNativeTarget;
			buildConfigurationList = 75866D052200EE5B001B5B90 /* Build configuration list for PBXNativeTarget "WorldTrotterUITests" */;
			buildPhases = (
				75866CF22200EE5B001B5B90 /* Sources */,
				75866CF32200EE5B001B5B90 /* Frameworks */,
				75866CF42200EE5B001B5B90 /* Resources */,
			);
			buildRules = (
			);
			dependencies = (
				75866CF82200EE5B001B5B90 /* PBXTargetDependency */,
			);
			name = WorldTrotterUITests;
			productName = WorldTrotterUITests;
			productReference = 75866CF62200EE5B001B5B90 /* WorldTrotterUITests.xctest */;
			productType = "com.apple.product-type.bundle.ui-testing";
		};
/* End PBXNativeTarget section */

/* Begin PBXProject section */
		75866CCF2200EE58001B5B90 /* Project object */ = {
			isa = PBXProject;
			attributes = {
				LastSwiftUpdateCheck = 0940;
				LastUpgradeCheck = 0940;
				ORGANIZATIONNAME = "Paul Baker";
				TargetAttributes = {
					75866CD62200EE58001B5B90 = {
						CreatedOnToolsVersion = 9.4.1;
					};
					75866CEA2200EE5B001B5B90 = {
						CreatedOnToolsVersion = 9.4.1;
						TestTargetID = 75866CD62200EE58001B5B90;
					};
					75866CF52200EE5B001B5B90 = {
						CreatedOnToolsVersion = 9.4.1;
						TestTargetID = 75866CD62200EE58001B5B90;
					};
				};
			};
			buildConfigurationList = 75866CD22200EE58001B5B90 /* Build configuration list for PBXProject "WorldTrotter" */;
			compatibilityVersion = "Xcode 9.3";
			developmentRegion = en;
			hasScannedForEncodings = 0;
			knownRegions = (
				en,
				Base,
			);
			mainGroup = 75866CCE2200EE58001B5B90;
			productRefGroup = 75866CD82200EE58001B5B90 /* Products */;
			projectDirPath = "";
			projectRoot = "";
			targets = (
				75866CD62200EE58001B5B90 /* WorldTrotter */,
				75866CEA2200EE5B001B5B90 /* WorldTrotterTests */,
				75866CF52200EE5B001B5B90 /* WorldTrotterUITests */,
			);
		};
/* End PBXProject section */

/* Begin PBXResourcesBuildPhase section */
		75866CD52200EE58001B5B90 /* Resources */ = {
			isa = PBXResourcesBuildPhase;
			buildActionMask = 2147483647;
			files = (
				75866CE52200EE5A001B5B90 /* LaunchScreen.storyboard in Resources */,
				75866CE22200EE5A001B5B90 /* Assets.xcassets in Resources */,
				75866CE02200EE58001B5B90 /* Main.storyboard in Resources */,
			);
			runOnlyForDeploymentPostprocessing = 0;
		};
		75866CE92200EE5B001B5B90 /* Resources */ = {
			isa = PBXResourcesBuildPhase;
			buildActionMask = 2147483647;
			files = (
			);
			runOnlyForDeploymentPostprocessing = 0;
		};
		75866CF42200EE5B001B5B90 /* Resources */ = {
			isa = PBXResourcesBuildPhase;
			buildActionMask = 2147483647;
			files = (
			);
			runOnlyForDeploymentPostprocessing = 0;
		};
/* End PBXResourcesBuildPhase section */

/* Begin PBXSourcesBuildPhase section */
		75866CD32200EE58001B5B90 /* Sources */ = {
			isa = PBXSourcesBuildPhase;
			buildActionMask = 2147483647;
			files = (
				799BFAF2221383F7002A8C89 /* ConversionViewController.swift in Sources */,
				796F5A08221340860077E81D /* ViewController.swift in Sources */,
				75866CDB2200EE58001B5B90 /* AppDelegate.swift in Sources */,
				79AF6B7C22135946004A1657 /* MapViewController.swift in Sources */,
			);
			runOnlyForDeploymentPostprocessing = 0;
		};
		75866CE72200EE5B001B5B90 /* Sources */ = {
			isa = PBXSourcesBuildPhase;
			buildActionMask = 2147483647;
			files = (
				75866CF02200EE5B001B5B90 /* WorldTrotterTests.swift in Sources */,
			);
			runOnlyForDeploymentPostprocessing = 0;
		};
		75866CF22200EE5B001B5B90 /* Sources */ = {
			isa = PBXSourcesBuildPhase;
			buildActionMask = 2147483647;
			files = (
				75866CFB2200EE5B001B5B90 /* WorldTrotterUITests.swift in Sources */,
			);
			runOnlyForDeploymentPostprocessing = 0;
		};
/* End PBXSourcesBuildPhase section */

/* Begin PBXTargetDependency section */
		75866CED2200EE5B001B5B90 /* PBXTargetDependency */ = {
			isa = PBXTargetDependency;
			target = 75866CD62200EE58001B5B90 /* WorldTrotter */;
			targetProxy = 75866CEC2200EE5B001B5B90 /* PBXContainerItemProxy */;
		};
		75866CF82200EE5B001B5B90 /* PBXTargetDependency */ = {
			isa = PBXTargetDependency;
			target = 75866CD62200EE58001B5B90 /* WorldTrotter */;
			targetProxy = 75866CF72200EE5B001B5B90 /* PBXContainerItemProxy */;
		};
/* End PBXTargetDependency section */

/* Begin PBXVariantGroup section */
		75866CDE2200EE58001B5B90 /* Main.storyboard */ = {
			isa = PBXVariantGroup;
			children = (
				75866CDF2200EE58001B5B90 /* Base */,
			);
			name = Main.storyboard;
			sourceTree = "<group>";
		};
		75866CE32200EE5A001B5B90 /* LaunchScreen.storyboard */ = {
			isa = PBXVariantGroup;
			children = (
				75866CE42200EE5A001B5B90 /* Base */,
			);
			name = LaunchScreen.storyboard;
			sourceTree = "<group>";
		};
/* End PBXVariantGroup section */

/* Begin XCBuildConfiguration section */
		75866CFD2200EE5B001B5B90 /* Debug */ = {
			isa = XCBuildConfiguration;
			buildSettings = {
				ALWAYS_SEARCH_USER_PATHS = NO;
				CLANG_ANALYZER_NONNULL = YES;
				CLANG_ANALYZER_NUMBER_OBJECT_CONVERSION = YES_AGGRESSIVE;
				CLANG_CXX_LANGUAGE_STANDARD = "gnu++14";
				CLANG_CXX_LIBRARY = "libc++";
				CLANG_ENABLE_MODULES = YES;
				CLANG_ENABLE_OBJC_ARC = YES;
				CLANG_ENABLE_OBJC_WEAK = YES;
				CLANG_WARN_BLOCK_CAPTURE_AUTORELEASING = YES;
				CLANG_WARN_BOOL_CONVERSION = YES;
				CLANG_WARN_COMMA = YES;
				CLANG_WARN_CONSTANT_CONVERSION = YES;
				CLANG_WARN_DEPRECATED_OBJC_IMPLEMENTATIONS = YES;
				CLANG_WARN_DIRECT_OBJC_ISA_USAGE = YES_ERROR;
				CLANG_WARN_DOCUMENTATION_COMMENTS = YES;
				CLANG_WARN_EMPTY_BODY = YES;
				CLANG_WARN_ENUM_CONVERSION = YES;
				CLANG_WARN_INFINITE_RECURSION = YES;
				CLANG_WARN_INT_CONVERSION = YES;
				CLANG_WARN_NON_LITERAL_NULL_CONVERSION = YES;
				CLANG_WARN_OBJC_IMPLICIT_RETAIN_SELF = YES;
				CLANG_WARN_OBJC_LITERAL_CONVERSION = YES;
				CLANG_WARN_OBJC_ROOT_CLASS = YES_ERROR;
				CLANG_WARN_RANGE_LOOP_ANALYSIS = YES;
				CLANG_WARN_STRICT_PROTOTYPES = YES;
				CLANG_WARN_SUSPICIOUS_MOVE = YES;
				CLANG_WARN_UNGUARDED_AVAILABILITY = YES_AGGRESSIVE;
				CLANG_WARN_UNREACHABLE_CODE = YES;
				CLANG_WARN__DUPLICATE_METHOD_MATCH = YES;
				CODE_SIGN_IDENTITY = "iPhone Developer";
				COPY_PHASE_STRIP = NO;
				DEBUG_INFORMATION_FORMAT = dwarf;
				ENABLE_STRICT_OBJC_MSGSEND = YES;
				ENABLE_TESTABILITY = YES;
				GCC_C_LANGUAGE_STANDARD = gnu11;
				GCC_DYNAMIC_NO_PIC = NO;
				GCC_NO_COMMON_BLOCKS = YES;
				GCC_OPTIMIZATION_LEVEL = 0;
				GCC_PREPROCESSOR_DEFINITIONS = (
					"DEBUG=1",
					"$(inherited)",
				);
				GCC_WARN_64_TO_32_BIT_CONVERSION = YES;
				GCC_WARN_ABOUT_RETURN_TYPE = YES_ERROR;
				GCC_WARN_UNDECLARED_SELECTOR = YES;
				GCC_WARN_UNINITIALIZED_AUTOS = YES_AGGRESSIVE;
				GCC_WARN_UNUSED_FUNCTION = YES;
				GCC_WARN_UNUSED_VARIABLE = YES;
				IPHONEOS_DEPLOYMENT_TARGET = 11.4;
				MTL_ENABLE_DEBUG_INFO = YES;
				ONLY_ACTIVE_ARCH = YES;
				SDKROOT = iphoneos;
				SWIFT_ACTIVE_COMPILATION_CONDITIONS = DEBUG;
				SWIFT_OPTIMIZATION_LEVEL = "-Onone";
			};
			name = Debug;
		};
		75866CFE2200EE5B001B5B90 /* Release */ = {
			isa = XCBuildConfiguration;
			buildSettings = {
				ALWAYS_SEARCH_USER_PATHS = NO;
				CLANG_ANALYZER_NONNULL = YES;
				CLANG_ANALYZER_NUMBER_OBJECT_CONVERSION = YES_AGGRESSIVE;
				CLANG_CXX_LANGUAGE_STANDARD = "gnu++14";
				CLANG_CXX_LIBRARY = "libc++";
				CLANG_ENABLE_MODULES = YES;
				CLANG_ENABLE_OBJC_ARC = YES;
				CLANG_ENABLE_OBJC_WEAK = YES;
				CLANG_WARN_BLOCK_CAPTURE_AUTORELEASING = YES;
				CLANG_WARN_BOOL_CONVERSION = YES;
				CLANG_WARN_COMMA = YES;
				CLANG_WARN_CONSTANT_CONVERSION = YES;
				CLANG_WARN_DEPRECATED_OBJC_IMPLEMENTATIONS = YES;
				CLANG_WARN_DIRECT_OBJC_ISA_USAGE = YES_ERROR;
				CLANG_WARN_DOCUMENTATION_COMMENTS = YES;
				CLANG_WARN_EMPTY_BODY = YES;
				CLANG_WARN_ENUM_CONVERSION = YES;
				CLANG_WARN_INFINITE_RECURSION = YES;
				CLANG_WARN_INT_CONVERSION = YES;
				CLANG_WARN_NON_LITERAL_NULL_CONVERSION = YES;
				CLANG_WARN_OBJC_IMPLICIT_RETAIN_SELF = YES;
				CLANG_WARN_OBJC_LITERAL_CONVERSION = YES;
				CLANG_WARN_OBJC_ROOT_CLASS = YES_ERROR;
				CLANG_WARN_RANGE_LOOP_ANALYSIS = YES;
				CLANG_WARN_STRICT_PROTOTYPES = YES;
				CLANG_WARN_SUSPICIOUS_MOVE = YES;
				CLANG_WARN_UNGUARDED_AVAILABILITY = YES_AGGRESSIVE;
				CLANG_WARN_UNREACHABLE_CODE = YES;
				CLANG_WARN__DUPLICATE_METHOD_MATCH = YES;
				CODE_SIGN_IDENTITY = "iPhone Developer";
				COPY_PHASE_STRIP = NO;
				DEBUG_INFORMATION_FORMAT = "dwarf-with-dsym";
				ENABLE_NS_ASSERTIONS = NO;
				ENABLE_STRICT_OBJC_MSGSEND = YES;
				GCC_C_LANGUAGE_STANDARD = gnu11;
				GCC_NO_COMMON_BLOCKS = YES;
				GCC_WARN_64_TO_32_BIT_CONVERSION = YES;
				GCC_WARN_ABOUT_RETURN_TYPE = YES_ERROR;
				GCC_WARN_UNDECLARED_SELECTOR = YES;
				GCC_WARN_UNINITIALIZED_AUTOS = YES_AGGRESSIVE;
				GCC_WARN_UNUSED_FUNCTION = YES;
				GCC_WARN_UNUSED_VARIABLE = YES;
				IPHONEOS_DEPLOYMENT_TARGET = 11.4;
				MTL_ENABLE_DEBUG_INFO = NO;
				SDKROOT = iphoneos;
				SWIFT_COMPILATION_MODE = wholemodule;
				SWIFT_OPTIMIZATION_LEVEL = "-O";
				VALIDATE_PRODUCT = YES;
			};
			name = Release;
		};
		75866D002200EE5B001B5B90 /* Debug */ = {
			isa = XCBuildConfiguration;
			buildSettings = {
				ASSETCATALOG_COMPILER_APPICON_NAME = AppIcon;
				CODE_SIGN_STYLE = Automatic;
				INFOPLIST_FILE = WorldTrotter/Info.plist;
				LD_RUNPATH_SEARCH_PATHS = (
					"$(inherited)",
					"@executable_path/Frameworks",
				);
				PRODUCT_BUNDLE_IDENTIFIER = PB.WorldTrotter;
				PRODUCT_NAME = "$(TARGET_NAME)";
				SWIFT_VERSION = 4.0;
				TARGETED_DEVICE_FAMILY = "1,2";
			};
			name = Debug;
		};
		75866D012200EE5B001B5B90 /* Release */ = {
			isa = XCBuildConfiguration;
			buildSettings = {
				ASSETCATALOG_COMPILER_APPICON_NAME = AppIcon;
				CODE_SIGN_STYLE = Automatic;
				INFOPLIST_FILE = WorldTrotter/Info.plist;
				LD_RUNPATH_SEARCH_PATHS = (
					"$(inherited)",
					"@executable_path/Frameworks",
				);
				PRODUCT_BUNDLE_IDENTIFIER = PB.WorldTrotter;
				PRODUCT_NAME = "$(TARGET_NAME)";
				SWIFT_VERSION = 4.0;
				TARGETED_DEVICE_FAMILY = "1,2";
			};
			name = Release;
		};
		75866D032200EE5B001B5B90 /* Debug */ = {
			isa = XCBuildConfiguration;
			buildSettings = {
				ALWAYS_EMBED_SWIFT_STANDARD_LIBRARIES = YES;
				BUNDLE_LOADER = "$(TEST_HOST)";
				CODE_SIGN_STYLE = Automatic;
				INFOPLIST_FILE = WorldTrotterTests/Info.plist;
				LD_RUNPATH_SEARCH_PATHS = (
					"$(inherited)",
					"@executable_path/Frameworks",
					"@loader_path/Frameworks",
				);
				PRODUCT_BUNDLE_IDENTIFIER = PB.WorldTrotterTests;
				PRODUCT_NAME = "$(TARGET_NAME)";
				SWIFT_VERSION = 4.0;
				TARGETED_DEVICE_FAMILY = "1,2";
				TEST_HOST = "$(BUILT_PRODUCTS_DIR)/WorldTrotter.app/WorldTrotter";
			};
			name = Debug;
		};
		75866D042200EE5B001B5B90 /* Release */ = {
			isa = XCBuildConfiguration;
			buildSettings = {
				ALWAYS_EMBED_SWIFT_STANDARD_LIBRARIES = YES;
				BUNDLE_LOADER = "$(TEST_HOST)";
				CODE_SIGN_STYLE = Automatic;
				INFOPLIST_FILE = WorldTrotterTests/Info.plist;
				LD_RUNPATH_SEARCH_PATHS = (
					"$(inherited)",
					"@executable_path/Frameworks",
					"@loader_path/Frameworks",
				);
				PRODUCT_BUNDLE_IDENTIFIER = PB.WorldTrotterTests;
				PRODUCT_NAME = "$(TARGET_NAME)";
				SWIFT_VERSION = 4.0;
				TARGETED_DEVICE_FAMILY = "1,2";
				TEST_HOST = "$(BUILT_PRODUCTS_DIR)/WorldTrotter.app/WorldTrotter";
			};
			name = Release;
		};
		75866D062200EE5B001B5B90 /* Debug */ = {
			isa = XCBuildConfiguration;
			buildSettings = {
				ALWAYS_EMBED_SWIFT_STANDARD_LIBRARIES = YES;
				CODE_SIGN_STYLE = Automatic;
				INFOPLIST_FILE = WorldTrotterUITests/Info.plist;
				LD_RUNPATH_SEARCH_PATHS = (
					"$(inherited)",
					"@executable_path/Frameworks",
					"@loader_path/Frameworks",
				);
				PRODUCT_BUNDLE_IDENTIFIER = PB.WorldTrotterUITests;
				PRODUCT_NAME = "$(TARGET_NAME)";
				SWIFT_VERSION = 4.0;
				TARGETED_DEVICE_FAMILY = "1,2";
				TEST_TARGET_NAME = WorldTrotter;
			};
			name = Debug;
		};
		75866D072200EE5B001B5B90 /* Release */ = {
			isa = XCBuildConfiguration;
			buildSettings = {
				ALWAYS_EMBED_SWIFT_STANDARD_LIBRARIES = YES;
				CODE_SIGN_STYLE = Automatic;
				INFOPLIST_FILE = WorldTrotterUITests/Info.plist;
				LD_RUNPATH_SEARCH_PATHS = (
					"$(inherited)",
					"@executable_path/Frameworks",
					"@loader_path/Frameworks",
				);
				PRODUCT_BUNDLE_IDENTIFIER = PB.WorldTrotterUITests;
				PRODUCT_NAME = "$(TARGET_NAME)";
				SWIFT_VERSION = 4.0;
				TARGETED_DEVICE_FAMILY = "1,2";
				TEST_TARGET_NAME = WorldTrotter;
			};
			name = Release;
		};
/* End XCBuildConfiguration section */

/* Begin XCConfigurationList section */
		75866CD22200EE58001B5B90 /* Build configuration list for PBXProject "WorldTrotter" */ = {
			isa = XCConfigurationList;
			buildConfigurations = (
				75866CFD2200EE5B001B5B90 /* Debug */,
				75866CFE2200EE5B001B5B90 /* Release */,
			);
			defaultConfigurationIsVisible = 0;
			defaultConfigurationName = Release;
		};
		75866CFF2200EE5B001B5B90 /* Build configuration list for PBXNativeTarget "WorldTrotter" */ = {
			isa = XCConfigurationList;
			buildConfigurations = (
				75866D002200EE5B001B5B90 /* Debug */,
				75866D012200EE5B001B5B90 /* Release */,
			);
			defaultConfigurationIsVisible = 0;
			defaultConfigurationName = Release;
		};
		75866D022200EE5B001B5B90 /* Build configuration list for PBXNativeTarget "WorldTrotterTests" */ = {
			isa = XCConfigurationList;
			buildConfigurations = (
				75866D032200EE5B001B5B90 /* Debug */,
				75866D042200EE5B001B5B90 /* Release */,
			);
			defaultConfigurationIsVisible = 0;
			defaultConfigurationName = Release;
		};
		75866D052200EE5B001B5B90 /* Build configuration list for PBXNativeTarget "WorldTrotterUITests" */ = {
			isa = XCConfigurationList;
			buildConfigurations = (
				75866D062200EE5B001B5B90 /* Debug */,
				75866D072200EE5B001B5B90 /* Release */,
			);
			defaultConfigurationIsVisible = 0;
			defaultConfigurationName = Release;
		};
/* End XCConfigurationList section */
	};
	rootObject = 75866CCF2200EE58001B5B90 /* Project object */;
}
